
Microsoft Visual Studio Solution File, Format Version 12.00
# Visual Studio Version 17
VisualStudioVersion = 17.14.36414.22 d17.14
MinimumVisualStudioVersion = 10.0.40219.1
Project("{FAE04EC0-301F-11D3-BF4B-00C04F79EFBC}") = "QuantumEntityBuilderPattern", "QuantumEntityBuilderPattern\QuantumEntityBuilderPattern.csproj", "{DCA7DC4F-B83F-41EF-9401-165CE3973E20}"
EndProject
Global
	GlobalSection(SolutionConfigurationPlatforms) = preSolution
		Debug|Any CPU = Debug|Any CPU
		Release|Any CPU = Release|Any CPU
	EndGlobalSection
	GlobalSection(ProjectConfigurationPlatforms) = postSolution
		{DCA7DC4F-B83F-41EF-9401-165CE3973E20}.Debug|Any CPU.ActiveCfg = Debug|Any CPU
		{DCA7DC4F-B83F-41EF-9401-165CE3973E20}.Debug|Any CPU.Build.0 = Debug|Any CPU
		{DCA7DC4F-B83F-41EF-9401-165CE3973E20}.Release|Any CPU.ActiveCfg = Release|Any CPU
		{DCA7DC4F-B83F-41EF-9401-165CE3973E20}.Release|Any CPU.Build.0 = Release|Any CPU
	EndGlobalSection
	GlobalSection(SolutionProperties) = preSolution
		HideSolutionNode = FALSE
	EndGlobalSection
	GlobalSection(ExtensibilityGlobals) = postSolution
		SolutionGuid = {41226D57-D790-4E17-827E-8AAE04B74340}
	EndGlobalSection
EndGlobal
